
Microsoft Visual Studio Solution File, Format Version 12.00
# Visual Studio Version 16
VisualStudioVersion = 16.0.31729.503
MinimumVisualStudioVersion = 10.0.40219.1
Project("{FAE04EC0-301F-11D3-BF4B-00C04F79EFBC}") = "RsaGen", "RsaGen\RsaGen.csproj", "{4CCEF1F0-8A49-4BF7-B826-57A5D9E48D9B}"
EndProject
Global
	GlobalSection(SolutionConfigurationPlatforms) = preSolution
		Debug|Any CPU = Debug|Any CPU
		Release|Any CPU = Release|Any CPU
	EndGlobalSection
	GlobalSection(ProjectConfigurationPlatforms) = postSolution
		{4CCEF1F0-8A49-4BF7-B826-57A5D9E48D9B}.Debug|Any CPU.ActiveCfg = Debug|Any CPU
		{4CCEF1F0-8A49-4BF7-B826-57A5D9E48D9B}.Debug|Any CPU.Build.0 = Debug|Any CPU
		{4CCEF1F0-8A49-4BF7-B826-57A5D9E48D9B}.Release|Any CPU.ActiveCfg = Release|Any CPU
		{4CCEF1F0-8A49-4BF7-B826-57A5D9E48D9B}.Release|Any CPU.Build.0 = Release|Any CPU
	EndGlobalSection
	GlobalSection(SolutionProperties) = preSolution
		HideSolutionNode = FALSE
	EndGlobalSection
	GlobalSection(ExtensibilityGlobals) = postSolution
		SolutionGuid = {D6AAD44A-D5E7-47CA-A274-AF910C094994}
	EndGlobalSection
EndGlobal
